
Microsoft Visual Studio Solution File, Format Version 12.00
# Visual Studio Version 16
VisualStudioVersion = 16.0.31729.503
MinimumVisualStudioVersion = 10.0.40219.1
Project("{FAE04EC0-301F-11D3-BF4B-00C04F79EFBC}") = "Dershane-Etut-Sistemi", "Dershane-Etut-Sistemi\Dershane-Etut-Sistemi.csproj", "{8402157C-4C47-4C57-8583-C4EED5268BE2}"
EndProject
Global
	GlobalSection(SolutionConfigurationPlatforms) = preSolution
		Debug|Any CPU = Debug|Any CPU
		Release|Any CPU = Release|Any CPU
	EndGlobalSection
	GlobalSection(ProjectConfigurationPlatforms) = postSolution
		{8402157C-4C47-4C57-8583-C4EED5268BE2}.Debug|Any CPU.ActiveCfg = Debug|Any CPU
		{8402157C-4C47-4C57-8583-C4EED5268BE2}.Debug|Any CPU.Build.0 = Debug|Any CPU
		{8402157C-4C47-4C57-8583-C4EED5268BE2}.Release|Any CPU.ActiveCfg = Release|Any CPU
		{8402157C-4C47-4C57-8583-C4EED5268BE2}.Release|Any CPU.Build.0 = Release|Any CPU
	EndGlobalSection
	GlobalSection(SolutionProperties) = preSolution
		HideSolutionNode = FALSE
	EndGlobalSection
	GlobalSection(ExtensibilityGlobals) = postSolution
		SolutionGuid = {CB6284FF-820B-4E45-87D4-88B34BDC665D}
	EndGlobalSection
EndGlobal
